PODS:
  - AFNetworking (2.6.3):
    - AFNetworking/NSURLConnection (= 2.6.3)
    - AFNetworking/NSURLSession (= 2.6.3)
    - AFNetworking/Reachability (= 2.6.3)
    - AFNetworking/Security (= 2.6.3)
    - AFNetworking/Serialization (= 2.6.3)
    - AFNetworking/UIKit (= 2.6.3)
  - AFNetworking/NSURLConnection (2.6.3):
    - AFNetworking/Reachability
    - AFNetworking/Security
    - AFNetworking/Serialization
  - AFNetworking/NSURLSession (2.6.3):
    - AFNetworking/Reachability
    - AFNetworking/Security
    - AFNetworking/Serialization
  - AFNetworking/Reachability (2.6.3)
  - AFNetworking/Security (2.6.3)
  - AFNetworking/Serialization (2.6.3)
  - BRLocaleMap (1.0.1)
  - Crashlytics (3.7.0):
    - Fabric (~> 1.6.3)
  - Fabric (1.6.3)
  - FGTranslator (1.1.2):
    - AFNetworking (~> 2.0)
    - PINCache
  - PINCache (2.1.2)

DEPENDENCIES:
  - BRLocaleMap (from `git@github.com:mrahmiao/BRLocaleMap.git`)
  - Crashlytics
  - Fabric
  - FGTranslator (from `https://github.com/mrahmiao/FGTranslator.git`)
  - PINCache (from `git@github.com:b123400/PINCache.git`, branch `escape`)

EXTERNAL SOURCES:
  BRLocaleMap:
    :git: git@github.com:mrahmiao/BRLocaleMap.git
    :submodules: true
  FGTranslator:
    :git: https://github.com/mrahmiao/FGTranslator.git
  PINCache:
    :branch: escape
    :git: git@github.com:b123400/PINCache.git

CHECKOUT OPTIONS:
  BRLocaleMap:
    :commit: b99a44595836dbaf4c65f6f3f3e29d40d3641f99
    :git: git@github.com:mrahmiao/BRLocaleMap.git
    :submodules: true
  FGTranslator:
    :commit: b126b663c054b5c7a9b10b4037ab4629bade0562
    :git: https://github.com/mrahmiao/FGTranslator.git
  PINCache:
    :commit: 311f1ae74baabaaaf8f799f5fc9d3c47a9a4c2de
    :git: git@github.com:b123400/PINCache.git

SPEC CHECKSUMS:
  AFNetworking: cb8d14a848e831097108418f5d49217339d4eb60
  BRLocaleMap: 2cfd2427daa6cd1e73dbaf1ed078f0d116d940c7
  Crashlytics: c3a2333dea9e2733d2777f730910321fc9e25c0d
  Fabric: cbe0ca6c9531bba17910052f6f105fcbc5fa7f67
  FGTranslator: bf6405a33342a9d1c7d699faa1e8236c2faf635d
  PINCache: 3e2b082d6ca9c5f68579c70cc7f30452690e04eb

PODFILE CHECKSUM: 2e564b6ab7a3480c409035027dc2c742cc41312a

COCOAPODS: 1.3.1
